
Microsoft Visual Studio Solution File, Format Version 12.00
# Visual Studio 15
VisualStudioVersion = 15.0.28307.438
MinimumVisualStudioVersion = 10.0.40219.1
Project("{6EC3EE1D-3C4E-46DD-8F32-0CC8E7565705}") = "FSharpETLDemo", "FSharpETLDemo\FSharpETLDemo.fsproj", "{3A74C570-A2FD-4F1A-BD04-8E9FEEF4878A}"
EndProject
Project("{6EC3EE1D-3C4E-46DD-8F32-0CC8E7565705}") = "SQLDataLayer", "SQLDataLayer\SQLDataLayer.fsproj", "{C22D9311-4076-43D2-93DC-B3FCCCCB97F3}"
EndProject
Project("{6EC3EE1D-3C4E-46DD-8F32-0CC8E7565705}") = "Model", "Model\Model.fsproj", "{67FC0234-A428-4332-AC59-DD76BBD39CF6}"
EndProject
Project("{F2A71F9B-5D33-465A-A702-920D77279786}") = "BusinessLayer", "BusinessLayer\BusinessLayer.fsproj", "{D1D4B71B-24EC-4724-8CC9-FD2CCAA52E7F}"
EndProject
Global
	GlobalSection(SolutionConfigurationPlatforms) = preSolution
		Debug|Any CPU = Debug|Any CPU
		Release|Any CPU = Release|Any CPU
	EndGlobalSection
	GlobalSection(ProjectConfigurationPlatforms) = postSolution
		{3A74C570-A2FD-4F1A-BD04-8E9FEEF4878A}.Debug|Any CPU.ActiveCfg = Debug|Any CPU
		{3A74C570-A2FD-4F1A-BD04-8E9FEEF4878A}.Debug|Any CPU.Build.0 = Debug|Any CPU
		{3A74C570-A2FD-4F1A-BD04-8E9FEEF4878A}.Release|Any CPU.ActiveCfg = Release|Any CPU
		{3A74C570-A2FD-4F1A-BD04-8E9FEEF4878A}.Release|Any CPU.Build.0 = Release|Any CPU
		{C22D9311-4076-43D2-93DC-B3FCCCCB97F3}.Debug|Any CPU.ActiveCfg = Debug|Any CPU
		{C22D9311-4076-43D2-93DC-B3FCCCCB97F3}.Debug|Any CPU.Build.0 = Debug|Any CPU
		{C22D9311-4076-43D2-93DC-B3FCCCCB97F3}.Release|Any CPU.ActiveCfg = Release|Any CPU
		{C22D9311-4076-43D2-93DC-B3FCCCCB97F3}.Release|Any CPU.Build.0 = Release|Any CPU
		{67FC0234-A428-4332-AC59-DD76BBD39CF6}.Debug|Any CPU.ActiveCfg = Debug|Any CPU
		{67FC0234-A428-4332-AC59-DD76BBD39CF6}.Debug|Any CPU.Build.0 = Debug|Any CPU
		{67FC0234-A428-4332-AC59-DD76BBD39CF6}.Release|Any CPU.ActiveCfg = Release|Any CPU
		{67FC0234-A428-4332-AC59-DD76BBD39CF6}.Release|Any CPU.Build.0 = Release|Any CPU
		{D1D4B71B-24EC-4724-8CC9-FD2CCAA52E7F}.Debug|Any CPU.ActiveCfg = Debug|Any CPU
		{D1D4B71B-24EC-4724-8CC9-FD2CCAA52E7F}.Debug|Any CPU.Build.0 = Debug|Any CPU
		{D1D4B71B-24EC-4724-8CC9-FD2CCAA52E7F}.Release|Any CPU.ActiveCfg = Release|Any CPU
		{D1D4B71B-24EC-4724-8CC9-FD2CCAA52E7F}.Release|Any CPU.Build.0 = Release|Any CPU
	EndGlobalSection
	GlobalSection(SolutionProperties) = preSolution
		HideSolutionNode = FALSE
	EndGlobalSection
	GlobalSection(ExtensibilityGlobals) = postSolution
		SolutionGuid = {6D877604-1714-47C8-AB7A-327E10602ABD}
	EndGlobalSection
EndGlobal
